
Microsoft Visual Studio Solution File, Format Version 12.00
# Visual Studio 15
VisualStudioVersion = 15.0.28010.2016
MinimumVisualStudioVersion = 10.0.40219.1
Project("{FAE04EC0-301F-11D3-BF4B-00C04F79EFBC}") = "HotConexionDB", "HotConexionDB\HotConexionDB.csproj", "{98CB7CB4-6A15-4A7F-ACFC-EE9761E99A68}"
EndProject
Global
	GlobalSection(SolutionConfigurationPlatforms) = preSolution
		Debug|Any CPU = Debug|Any CPU
		Release|Any CPU = Release|Any CPU
	EndGlobalSection
	GlobalSection(ProjectConfigurationPlatforms) = postSolution
		{98CB7CB4-6A15-4A7F-ACFC-EE9761E99A68}.Debug|Any CPU.ActiveCfg = Debug|Any CPU
		{98CB7CB4-6A15-4A7F-ACFC-EE9761E99A68}.Debug|Any CPU.Build.0 = Debug|Any CPU
		{98CB7CB4-6A15-4A7F-ACFC-EE9761E99A68}.Release|Any CPU.ActiveCfg = Release|Any CPU
		{98CB7CB4-6A15-4A7F-ACFC-EE9761E99A68}.Release|Any CPU.Build.0 = Release|Any CPU
	EndGlobalSection
	GlobalSection(SolutionProperties) = preSolution
		HideSolutionNode = FALSE
	EndGlobalSection
	GlobalSection(ExtensibilityGlobals) = postSolution
		SolutionGuid = {5D2489DA-0119-43DA-9343-70CB85A0D281}
	EndGlobalSection
EndGlobal
